
Microsoft Visual Studio Solution File, Format Version 12.00
# Visual Studio Version 16
VisualStudioVersion = 16.0.30128.74
MinimumVisualStudioVersion = 10.0.40219.1
Project("{FAE04EC0-301F-11D3-BF4B-00C04F79EFBC}") = "Compare_ExcelSheets", "Compare_ExcelSheets.csproj", "{9CC6DEC7-A0D4-41CC-9107-BB29E0B0A9CE}"
EndProject
Global
	GlobalSection(SolutionConfigurationPlatforms) = preSolution
		Debug|Any CPU = Debug|Any CPU
		Release|Any CPU = Release|Any CPU
	EndGlobalSection
	GlobalSection(ProjectConfigurationPlatforms) = postSolution
		{9CC6DEC7-A0D4-41CC-9107-BB29E0B0A9CE}.Debug|Any CPU.ActiveCfg = Debug|Any CPU
		{9CC6DEC7-A0D4-41CC-9107-BB29E0B0A9CE}.Debug|Any CPU.Build.0 = Debug|Any CPU
		{9CC6DEC7-A0D4-41CC-9107-BB29E0B0A9CE}.Release|Any CPU.ActiveCfg = Release|Any CPU
		{9CC6DEC7-A0D4-41CC-9107-BB29E0B0A9CE}.Release|Any CPU.Build.0 = Release|Any CPU
	EndGlobalSection
	GlobalSection(SolutionProperties) = preSolution
		HideSolutionNode = FALSE
	EndGlobalSection
	GlobalSection(ExtensibilityGlobals) = postSolution
		SolutionGuid = {0B1E518C-A4A3-4CD9-B342-B47473EA6118}
	EndGlobalSection
EndGlobal
